// !$*UTF8*$!
{
	archiveVersion = 1;
	classes = {
	};
	objectVersion = 56;
	objects = {

/* Begin PBXBuildFile section */
		05262E852BF7112C00C2774C /* AppDelegate.swift in Sources */ = {isa = PBXBuildFile; fileRef = 05262E842BF7112C00C2774C /* AppDelegate.swift */; };
		05262E872BF7112C00C2774C /* SceneDelegate.swift in Sources */ = {isa = PBXBuildFile; fileRef = 05262E862BF7112C00C2774C /* SceneDelegate.swift */; };
		05262E892BF7112C00C2774C /* ViewController.swift in Sources */ = {isa = PBXBuildFile; fileRef = 05262E882BF7112C00C2774C /* ViewController.swift */; };
		05262E8C2BF7112C00C2774C /* Base in Resources */ = {isa = PBXBuildFile; fileRef = 05262E8B2BF7112C00C2774C /* Base */; };
		05262E8E2BF7112D00C2774C /* Assets.xcassets in Resources */ = {isa = PBXBuildFile; fileRef = 05262E8D2BF7112D00C2774C /* Assets.xcassets */; };
		05262E912BF7112D00C2774C /* Base in Resources */ = {isa = PBXBuildFile; fileRef = 05262E902BF7112D00C2774C /* Base */; };
		05262E9B2BF7124300C2774C /* Learning.storyboard in Resources */ = {isa = PBXBuildFile; fileRef = 05262E9A2BF7124300C2774C /* Learning.storyboard */; };
		05262E9F2BF7127D00C2774C /* LearningPageViewController.swift in Sources */ = {isa = PBXBuildFile; fileRef = 05262E9E2BF7127D00C2774C /* LearningPageViewController.swift */; };
		05262EA12BF7129800C2774C /* Progress.storyboard in Resources */ = {isa = PBXBuildFile; fileRef = 05262EA02BF7129800C2774C /* Progress.storyboard */; };
		05262EA42BF712BE00C2774C /* ProgressPageViewController.swift in Sources */ = {isa = PBXBuildFile; fileRef = 05262EA32BF712BE00C2774C /* ProgressPageViewController.swift */; };
		05262EA62BF712CD00C2774C /* Profile.storyboard in Resources */ = {isa = PBXBuildFile; fileRef = 05262EA52BF712CD00C2774C /* Profile.storyboard */; };
		05262EA92BF712EE00C2774C /* ProfilePageViewController.swift in Sources */ = {isa = PBXBuildFile; fileRef = 05262EA82BF712EE00C2774C /* ProfilePageViewController.swift */; };
		05262EAB2BF7136A00C2774C /* ExploreDataModel.swift in Sources */ = {isa = PBXBuildFile; fileRef = 05262EAA2BF7136A00C2774C /* ExploreDataModel.swift */; };
		05262EAD2BF7137C00C2774C /* AssessmentDataModel.swift in Sources */ = {isa = PBXBuildFile; fileRef = 05262EAC2BF7137C00C2774C /* AssessmentDataModel.swift */; };
		05262EAF2BF713AE00C2774C /* ProfileDataModel.swift in Sources */ = {isa = PBXBuildFile; fileRef = 05262EAE2BF713AE00C2774C /* ProfileDataModel.swift */; };
		05262EB12BF713C200C2774C /* LearningDataModel.swift in Sources */ = {isa = PBXBuildFile; fileRef = 05262EB02BF713C200C2774C /* LearningDataModel.swift */; };
		440CA9CE2BFB09AE00FDFA89 /* PostsTableViewCell.swift in Sources */ = {isa = PBXBuildFile; fileRef = 440CA9CC2BFB09AE00FDFA89 /* PostsTableViewCell.swift */; };
		440CA9CF2BFB09AE00FDFA89 /* PostsTableViewCell.xib in Resources */ = {isa = PBXBuildFile; fileRef = 440CA9CD2BFB09AE00FDFA89 /* PostsTableViewCell.xib */; };
		440CA9D22BFB22F900FDFA89 /* chatTableViewCell.swift in Sources */ = {isa = PBXBuildFile; fileRef = 440CA9D02BFB22F900FDFA89 /* chatTableViewCell.swift */; };
		440CA9D32BFB22F900FDFA89 /* chatTableViewCell.xib in Resources */ = {isa = PBXBuildFile; fileRef = 440CA9D12BFB22F900FDFA89 /* chatTableViewCell.xib */; };
		440CA9D52BFB232000FDFA89 /* chatViewController.swift in Sources */ = {isa = PBXBuildFile; fileRef = 440CA9D42BFB232000FDFA89 /* chatViewController.swift */; };
		C4AE96592BF71EDC00BEE963 /* QuestionTableViewCell.swift in Sources */ = {isa = PBXBuildFile; fileRef = C4AE96582BF71EDC00BEE963 /* QuestionTableViewCell.swift */; };
		C4AE965B2BF722B900BEE963 /* QuestionsTableViewController.swift in Sources */ = {isa = PBXBuildFile; fileRef = C4AE965A2BF722B900BEE963 /* QuestionsTableViewController.swift */; };
		C4AE965D2BF7270500BEE963 /* AssesmentTableViewController.swift in Sources */ = {isa = PBXBuildFile; fileRef = C4AE965C2BF7270500BEE963 /* AssesmentTableViewController.swift */; };
/* End PBXBuildFile section */

/* Begin PBXFileReference section */
		05262E812BF7112C00C2774C /* AutiCare.app */ = {isa = PBXFileReference; explicitFileType = wrapper.application; includeInIndex = 0; path = AutiCare.app; sourceTree = BUILT_PRODUCTS_DIR; };
		05262E842BF7112C00C2774C /* AppDelegate.swift */ = {isa = PBXFileReference; lastKnownFileType = sourcecode.swift; path = AppDelegate.swift; sourceTree = "<group>"; };
		05262E862BF7112C00C2774C /* SceneDelegate.swift */ = {isa = PBXFileReference; lastKnownFileType = sourcecode.swift; path = SceneDelegate.swift; sourceTree = "<group>"; };
		05262E882BF7112C00C2774C /* ViewController.swift */ = {isa = PBXFileReference; lastKnownFileType = sourcecode.swift; path = ViewController.swift; sourceTree = "<group>"; };
		05262E8B2BF7112C00C2774C /* Base */ = {isa = PBXFileReference; lastKnownFileType = file.storyboard; name = Base; path = Base.lproj/Main.storyboard; sourceTree = "<group>"; };
		05262E8D2BF7112D00C2774C /* Assets.xcassets */ = {isa = PBXFileReference; lastKnownFileType = folder.assetcatalog; path = Assets.xcassets; sourceTree = "<group>"; };
		05262E902BF7112D00C2774C /* Base */ = {isa = PBXFileReference; lastKnownFileType = file.storyboard; name = Base; path = Base.lproj/LaunchScreen.storyboard; sourceTree = "<group>"; };
		05262E922BF7112D00C2774C /* Info.plist */ = {isa = PBXFileReference; lastKnownFileType = text.plist.xml; path = Info.plist; sourceTree = "<group>"; };
		05262E9A2BF7124300C2774C /* Learning.storyboard */ = {isa = PBXFileReference; lastKnownFileType = file.storyboard; path = Learning.storyboard; sourceTree = "<group>"; };
		05262E9E2BF7127D00C2774C /* LearningPageViewController.swift */ = {isa = PBXFileReference; lastKnownFileType = sourcecode.swift; path = LearningPageViewController.swift; sourceTree = "<group>"; };
		05262EA02BF7129800C2774C /* Progress.storyboard */ = {isa = PBXFileReference; lastKnownFileType = file.storyboard; path = Progress.storyboard; sourceTree = "<group>"; };
		05262EA32BF712BE00C2774C /* ProgressPageViewController.swift */ = {isa = PBXFileReference; lastKnownFileType = sourcecode.swift; path = ProgressPageViewController.swift; sourceTree = "<group>"; };
		05262EA52BF712CD00C2774C /* Profile.storyboard */ = {isa = PBXFileReference; lastKnownFileType = file.storyboard; path = Profile.storyboard; sourceTree = "<group>"; };
		05262EA82BF712EE00C2774C /* ProfilePageViewController.swift */ = {isa = PBXFileReference; lastKnownFileType = sourcecode.swift; path = ProfilePageViewController.swift; sourceTree = "<group>"; };
		05262EAA2BF7136A00C2774C /* ExploreDataModel.swift */ = {isa = PBXFileReference; lastKnownFileType = sourcecode.swift; path = ExploreDataModel.swift; sourceTree = "<group>"; };
		05262EAC2BF7137C00C2774C /* AssessmentDataModel.swift */ = {isa = PBXFileReference; lastKnownFileType = sourcecode.swift; path = AssessmentDataModel.swift; sourceTree = "<group>"; };
		05262EAE2BF713AE00C2774C /* ProfileDataModel.swift */ = {isa = PBXFileReference; lastKnownFileType = sourcecode.swift; path = ProfileDataModel.swift; sourceTree = "<group>"; };
		05262EB02BF713C200C2774C /* LearningDataModel.swift */ = {isa = PBXFileReference; lastKnownFileType = sourcecode.swift; path = LearningDataModel.swift; sourceTree = "<group>"; };
		440CA9CC2BFB09AE00FDFA89 /* PostsTableViewCell.swift */ = {isa = PBXFileReference; lastKnownFileType = sourcecode.swift; path = PostsTableViewCell.swift; sourceTree = "<group>"; };
		440CA9CD2BFB09AE00FDFA89 /* PostsTableViewCell.xib */ = {isa = PBXFileReference; lastKnownFileType = file.xib; path = PostsTableViewCell.xib; sourceTree = "<group>"; };
		440CA9D02BFB22F900FDFA89 /* chatTableViewCell.swift */ = {isa = PBXFileReference; lastKnownFileType = sourcecode.swift; path = chatTableViewCell.swift; sourceTree = "<group>"; };
		440CA9D12BFB22F900FDFA89 /* chatTableViewCell.xib */ = {isa = PBXFileReference; lastKnownFileType = file.xib; path = chatTableViewCell.xib; sourceTree = "<group>"; };
		440CA9D42BFB232000FDFA89 /* chatViewController.swift */ = {isa = PBXFileReference; lastKnownFileType = sourcecode.swift; path = chatViewController.swift; sourceTree = "<group>"; };
		C4AE96582BF71EDC00BEE963 /* QuestionTableViewCell.swift */ = {isa = PBXFileReference; lastKnownFileType = sourcecode.swift; path = QuestionTableViewCell.swift; sourceTree = "<group>"; };
		C4AE965A2BF722B900BEE963 /* QuestionsTableViewController.swift */ = {isa = PBXFileReference; lastKnownFileType = sourcecode.swift; path = QuestionsTableViewController.swift; sourceTree = "<group>"; };
		C4AE965C2BF7270500BEE963 /* AssesmentTableViewController.swift */ = {isa = PBXFileReference; lastKnownFileType = sourcecode.swift; path = AssesmentTableViewController.swift; sourceTree = "<group>"; };
/* End PBXFileReference section */

/* Begin PBXFrameworksBuildPhase section */
		05262E7E2BF7112C00C2774C /* Frameworks */ = {
			isa = PBXFrameworksBuildPhase;
			buildActionMask = 2147483647;
			files = (
			);
			runOnlyForDeploymentPostprocessing = 0;
		};
/* End PBXFrameworksBuildPhase section */

/* Begin PBXGroup section */
		05262E782BF7112C00C2774C = {
			isa = PBXGroup;
			children = (
				05262E832BF7112C00C2774C /* AutiCare */,
				05262E822BF7112C00C2774C /* Products */,
			);
			sourceTree = "<group>";
		};
		05262E822BF7112C00C2774C /* Products */ = {
			isa = PBXGroup;
			children = (
				05262E812BF7112C00C2774C /* AutiCare.app */,
			);
			name = Products;
			sourceTree = "<group>";
		};
		05262E832BF7112C00C2774C /* AutiCare */ = {
			isa = PBXGroup;
			children = (
				05262E842BF7112C00C2774C /* AppDelegate.swift */,
				05262E862BF7112C00C2774C /* SceneDelegate.swift */,
				05262E9C2BF7124B00C2774C /* Community */,
				05262E9D2BF7125E00C2774C /* Learning */,
				05262EA22BF7129F00C2774C /* Progress */,
				05262EA72BF712E000C2774C /* Profile */,
				05262E922BF7112D00C2774C /* Info.plist */,
				05262E8D2BF7112D00C2774C /* Assets.xcassets */,
				05262E8F2BF7112D00C2774C /* LaunchScreen.storyboard */,
			);
			path = AutiCare;
			sourceTree = "<group>";
		};
		05262E9C2BF7124B00C2774C /* Community */ = {
			isa = PBXGroup;
			children = (
				05262E8A2BF7112C00C2774C /* Main.storyboard */,
				440CA9D42BFB232000FDFA89 /* chatViewController.swift */,
				440CA9D02BFB22F900FDFA89 /* chatTableViewCell.swift */,
				440CA9D12BFB22F900FDFA89 /* chatTableViewCell.xib */,
				440CA9CC2BFB09AE00FDFA89 /* PostsTableViewCell.swift */,
				440CA9CD2BFB09AE00FDFA89 /* PostsTableViewCell.xib */,
				05262E882BF7112C00C2774C /* ViewController.swift */,
				05262EAA2BF7136A00C2774C /* ExploreDataModel.swift */,
			);
			path = Community;
			sourceTree = "<group>";
		};
		05262E9D2BF7125E00C2774C /* Learning */ = {
			isa = PBXGroup;
			children = (
				05262E9A2BF7124300C2774C /* Learning.storyboard */,
				05262E9E2BF7127D00C2774C /* LearningPageViewController.swift */,
				05262EB02BF713C200C2774C /* LearningDataModel.swift */,
			);
			path = Learning;
			sourceTree = "<group>";
		};
		05262EA22BF7129F00C2774C /* Progress */ = {
			isa = PBXGroup;
			children = (
				05262EA02BF7129800C2774C /* Progress.storyboard */,
				05262EA32BF712BE00C2774C /* ProgressPageViewController.swift */,
				C4AE965A2BF722B900BEE963 /* QuestionsTableViewController.swift */,
				C4AE965C2BF7270500BEE963 /* AssesmentTableViewController.swift */,
				C4AE96582BF71EDC00BEE963 /* QuestionTableViewCell.swift */,
				05262EAC2BF7137C00C2774C /* AssessmentDataModel.swift */,
			);
			path = Progress;
			sourceTree = "<group>";
		};
		05262EA72BF712E000C2774C /* Profile */ = {
			isa = PBXGroup;
			children = (
				05262EA52BF712CD00C2774C /* Profile.storyboard */,
				05262EA82BF712EE00C2774C /* ProfilePageViewController.swift */,
				05262EAE2BF713AE00C2774C /* ProfileDataModel.swift */,
			);
			path = Profile;
			sourceTree = "<group>";
		};
/* End PBXGroup section */

/* Begin PBXNativeTarget section */
		05262E802BF7112C00C2774C /* AutiCare */ = {
			isa = PBXNativeTarget;
			buildConfigurationList = 05262E952BF7112D00C2774C /* Build configuration list for PBXNativeTarget "AutiCare" */;
			buildPhases = (
				05262E7D2BF7112C00C2774C /* Sources */,
				05262E7E2BF7112C00C2774C /* Frameworks */,
				05262E7F2BF7112C00C2774C /* Resources */,
			);
			buildRules = (
			);
			dependencies = (
			);
			name = AutiCare;
			productName = AutiCare;
			productReference = 05262E812BF7112C00C2774C /* AutiCare.app */;
			productType = "com.apple.product-type.application";
		};
/* End PBXNativeTarget section */

/* Begin PBXProject section */
		05262E792BF7112C00C2774C /* Project object */ = {
			isa = PBXProject;
			attributes = {
				BuildIndependentTargetsInParallel = 1;
				LastSwiftUpdateCheck = 1540;
				LastUpgradeCheck = 1540;
				TargetAttributes = {
					05262E802BF7112C00C2774C = {
						CreatedOnToolsVersion = 15.4;
					};
				};
			};
			buildConfigurationList = 05262E7C2BF7112C00C2774C /* Build configuration list for PBXProject "AutiCare" */;
			compatibilityVersion = "Xcode 14.0";
			developmentRegion = en;
			hasScannedForEncodings = 0;
			knownRegions = (
				en,
				Base,
			);
			mainGroup = 05262E782BF7112C00C2774C;
			productRefGroup = 05262E822BF7112C00C2774C /* Products */;
			projectDirPath = "";
			projectRoot = "";
			targets = (
				05262E802BF7112C00C2774C /* AutiCare */,
			);
		};
/* End PBXProject section */

/* Begin PBXResourcesBuildPhase section */
		05262E7F2BF7112C00C2774C /* Resources */ = {
			isa = PBXResourcesBuildPhase;
			buildActionMask = 2147483647;
			files = (
				05262EA62BF712CD00C2774C /* Profile.storyboard in Resources */,
				440CA9D32BFB22F900FDFA89 /* chatTableViewCell.xib in Resources */,
				05262E8E2BF7112D00C2774C /* Assets.xcassets in Resources */,
				05262E912BF7112D00C2774C /* Base in Resources */,
				05262EA12BF7129800C2774C /* Progress.storyboard in Resources */,
				05262E9B2BF7124300C2774C /* Learning.storyboard in Resources */,
				05262E8C2BF7112C00C2774C /* Base in Resources */,
				440CA9CF2BFB09AE00FDFA89 /* PostsTableViewCell.xib in Resources */,
			);
			runOnlyForDeploymentPostprocessing = 0;
		};
/* End PBXResourcesBuildPhase section */

/* Begin PBXSourcesBuildPhase section */
		05262E7D2BF7112C00C2774C /* Sources */ = {
			isa = PBXSourcesBuildPhase;
			buildActionMask = 2147483647;
			files = (
				C4AE96592BF71EDC00BEE963 /* QuestionTableViewCell.swift in Sources */,
				05262EAF2BF713AE00C2774C /* ProfileDataModel.swift in Sources */,
				440CA9D52BFB232000FDFA89 /* chatViewController.swift in Sources */,
				05262E892BF7112C00C2774C /* ViewController.swift in Sources */,
				05262EA92BF712EE00C2774C /* ProfilePageViewController.swift in Sources */,
				05262E852BF7112C00C2774C /* AppDelegate.swift in Sources */,
				440CA9D22BFB22F900FDFA89 /* chatTableViewCell.swift in Sources */,
				440CA9CE2BFB09AE00FDFA89 /* PostsTableViewCell.swift in Sources */,
				05262E9F2BF7127D00C2774C /* LearningPageViewController.swift in Sources */,
				05262E872BF7112C00C2774C /* SceneDelegate.swift in Sources */,
				C4AE965B2BF722B900BEE963 /* QuestionsTableViewController.swift in Sources */,
				05262EAD2BF7137C00C2774C /* AssessmentDataModel.swift in Sources */,
				C4AE965D2BF7270500BEE963 /* AssesmentTableViewController.swift in Sources */,
				05262EAB2BF7136A00C2774C /* ExploreDataModel.swift in Sources */,
				05262EA42BF712BE00C2774C /* ProgressPageViewController.swift in Sources */,
				05262EB12BF713C200C2774C /* LearningDataModel.swift in Sources */,
			);
			runOnlyForDeploymentPostprocessing = 0;
		};
/* End PBXSourcesBuildPhase section */

/* Begin PBXVariantGroup section */
		05262E8A2BF7112C00C2774C /* Main.storyboard */ = {
			isa = PBXVariantGroup;
			children = (
				05262E8B2BF7112C00C2774C /* Base */,
			);
			name = Main.storyboard;
			sourceTree = "<group>";
		};
		05262E8F2BF7112D00C2774C /* LaunchScreen.storyboard */ = {
			isa = PBXVariantGroup;
			children = (
				05262E902BF7112D00C2774C /* Base */,
			);
			name = LaunchScreen.storyboard;
			sourceTree = "<group>";
		};
/* End PBXVariantGroup section */

/* Begin XCBuildConfiguration section */
		05262E932BF7112D00C2774C /* Debug */ = {
			isa = XCBuildConfiguration;
			buildSettings = {
				ALWAYS_SEARCH_USER_PATHS = NO;
				ASSETCATALOG_COMPILER_GENERATE_SWIFT_ASSET_SYMBOL_EXTENSIONS = YES;
				CLANG_ANALYZER_NONNULL = YES;
				CLANG_ANALYZER_NUMBER_OBJECT_CONVERSION = YES_AGGRESSIVE;
				CLANG_CXX_LANGUAGE_STANDARD = "gnu++20";
				CLANG_ENABLE_MODULES = YES;
				CLANG_ENABLE_OBJC_ARC = YES;
				CLANG_ENABLE_OBJC_WEAK = YES;
				CLANG_WARN_BLOCK_CAPTURE_AUTORELEASING = YES;
				CLANG_WARN_BOOL_CONVERSION = YES;
				CLANG_WARN_COMMA = YES;
				CLANG_WARN_CONSTANT_CONVERSION = YES;
				CLANG_WARN_DEPRECATED_OBJC_IMPLEMENTATIONS = YES;
				CLANG_WARN_DIRECT_OBJC_ISA_USAGE = YES_ERROR;
				CLANG_WARN_DOCUMENTATION_COMMENTS = YES;
				CLANG_WARN_EMPTY_BODY = YES;
				CLANG_WARN_ENUM_CONVERSION = YES;
				CLANG_WARN_INFINITE_RECURSION = YES;
				CLANG_WARN_INT_CONVERSION = YES;
				CLANG_WARN_NON_LITERAL_NULL_CONVERSION = YES;
				CLANG_WARN_OBJC_IMPLICIT_RETAIN_SELF = YES;
				CLANG_WARN_OBJC_LITERAL_CONVERSION = YES;
				CLANG_WARN_OBJC_ROOT_CLASS = YES_ERROR;
				CLANG_WARN_QUOTED_INCLUDE_IN_FRAMEWORK_HEADER = YES;
				CLANG_WARN_RANGE_LOOP_ANALYSIS = YES;
				CLANG_WARN_STRICT_PROTOTYPES = YES;
				CLANG_WARN_SUSPICIOUS_MOVE = YES;
				CLANG_WARN_UNGUARDED_AVAILABILITY = YES_AGGRESSIVE;
				CLANG_WARN_UNREACHABLE_CODE = YES;
				CLANG_WARN__DUPLICATE_METHOD_MATCH = YES;
				COPY_PHASE_STRIP = NO;
				DEBUG_INFORMATION_FORMAT = dwarf;
				ENABLE_STRICT_OBJC_MSGSEND = YES;
				ENABLE_TESTABILITY = YES;
				ENABLE_USER_SCRIPT_SANDBOXING = YES;
				GCC_C_LANGUAGE_STANDARD = gnu17;
				GCC_DYNAMIC_NO_PIC = NO;
				GCC_NO_COMMON_BLOCKS = YES;
				GCC_OPTIMIZATION_LEVEL = 0;
				GCC_PREPROCESSOR_DEFINITIONS = (
					"DEBUG=1",
					"$(inherited)",
				);
				GCC_WARN_64_TO_32_BIT_CONVERSION = YES;
				GCC_WARN_ABOUT_RETURN_TYPE = YES_ERROR;
				GCC_WARN_UNDECLARED_SELECTOR = YES;
				GCC_WARN_UNINITIALIZED_AUTOS = YES_AGGRESSIVE;
				GCC_WARN_UNUSED_FUNCTION = YES;
				GCC_WARN_UNUSED_VARIABLE = YES;
				IPHONEOS_DEPLOYMENT_TARGET = 17.5;
				LOCALIZATION_PREFERS_STRING_CATALOGS = YES;
				MTL_ENABLE_DEBUG_INFO = INCLUDE_SOURCE;
				MTL_FAST_MATH = YES;
				ONLY_ACTIVE_ARCH = YES;
				SDKROOT = iphoneos;
				SWIFT_ACTIVE_COMPILATION_CONDITIONS = "DEBUG $(inherited)";
				SWIFT_OPTIMIZATION_LEVEL = "-Onone";
			};
			name = Debug;
		};
		05262E942BF7112D00C2774C /* Release */ = {
			isa = XCBuildConfiguration;
			buildSettings = {
				ALWAYS_SEARCH_USER_PATHS = NO;
				ASSETCATALOG_COMPILER_GENERATE_SWIFT_ASSET_SYMBOL_EXTENSIONS = YES;
				CLANG_ANALYZER_NONNULL = YES;
				CLANG_ANALYZER_NUMBER_OBJECT_CONVERSION = YES_AGGRESSIVE;
				CLANG_CXX_LANGUAGE_STANDARD = "gnu++20";
				CLANG_ENABLE_MODULES = YES;
				CLANG_ENABLE_OBJC_ARC = YES;
				CLANG_ENABLE_OBJC_WEAK = YES;
				CLANG_WARN_BLOCK_CAPTURE_AUTORELEASING = YES;
				CLANG_WARN_BOOL_CONVERSION = YES;
				CLANG_WARN_COMMA = YES;
				CLANG_WARN_CONSTANT_CONVERSION = YES;
				CLANG_WARN_DEPRECATED_OBJC_IMPLEMENTATIONS = YES;
				CLANG_WARN_DIRECT_OBJC_ISA_USAGE = YES_ERROR;
				CLANG_WARN_DOCUMENTATION_COMMENTS = YES;
				CLANG_WARN_EMPTY_BODY = YES;
				CLANG_WARN_ENUM_CONVERSION = YES;
				CLANG_WARN_INFINITE_RECURSION = YES;
				CLANG_WARN_INT_CONVERSION = YES;
				CLANG_WARN_NON_LITERAL_NULL_CONVERSION = YES;
				CLANG_WARN_OBJC_IMPLICIT_RETAIN_SELF = YES;
				CLANG_WARN_OBJC_LITERAL_CONVERSION = YES;
				CLANG_WARN_OBJC_ROOT_CLASS = YES_ERROR;
				CLANG_WARN_QUOTED_INCLUDE_IN_FRAMEWORK_HEADER = YES;
				CLANG_WARN_RANGE_LOOP_ANALYSIS = YES;
				CLANG_WARN_STRICT_PROTOTYPES = YES;
				CLANG_WARN_SUSPICIOUS_MOVE = YES;
				CLANG_WARN_UNGUARDED_AVAILABILITY = YES_AGGRESSIVE;
				CLANG_WARN_UNREACHABLE_CODE = YES;
				CLANG_WARN__DUPLICATE_METHOD_MATCH = YES;
				COPY_PHASE_STRIP = NO;
				DEBUG_INFORMATION_FORMAT = "dwarf-with-dsym";
				ENABLE_NS_ASSERTIONS = NO;
				ENABLE_STRICT_OBJC_MSGSEND = YES;
				ENABLE_USER_SCRIPT_SANDBOXING = YES;
				GCC_C_LANGUAGE_STANDARD = gnu17;
				GCC_NO_COMMON_BLOCKS = YES;
				GCC_WARN_64_TO_32_BIT_CONVERSION = YES;
				GCC_WARN_ABOUT_RETURN_TYPE = YES_ERROR;
				GCC_WARN_UNDECLARED_SELECTOR = YES;
				GCC_WARN_UNINITIALIZED_AUTOS = YES_AGGRESSIVE;
				GCC_WARN_UNUSED_FUNCTION = YES;
				GCC_WARN_UNUSED_VARIABLE = YES;
				IPHONEOS_DEPLOYMENT_TARGET = 17.5;
				LOCALIZATION_PREFERS_STRING_CATALOGS = YES;
				MTL_ENABLE_DEBUG_INFO = NO;
				MTL_FAST_MATH = YES;
				SDKROOT = iphoneos;
				SWIFT_COMPILATION_MODE = wholemodule;
				VALIDATE_PRODUCT = YES;
			};
			name = Release;
		};
		05262E962BF7112D00C2774C /* Debug */ = {
			isa = XCBuildConfiguration;
			buildSettings = {
				ASSETCATALOG_COMPILER_APPICON_NAME = AppIcon;
				ASSETCATALOG_COMPILER_GLOBAL_ACCENT_COLOR_NAME = AccentColor;
				CODE_SIGN_STYLE = Automatic;
				CURRENT_PROJECT_VERSION = 1;
				DEVELOPMENT_TEAM = "";
				GENERATE_INFOPLIST_FILE = YES;
				INFOPLIST_FILE = AutiCare/Info.plist;
				INFOPLIST_KEY_UIApplicationSupportsIndirectInputEvents = YES;
				INFOPLIST_KEY_UILaunchStoryboardName = LaunchScreen;
				INFOPLIST_KEY_UIMainStoryboardFile = Main;
				INFOPLIST_KEY_UISupportedInterfaceOrientations_iPad = "UIInterfaceOrientationPortrait UIInterfaceOrientationPortraitUpsideDown UIInterfaceOrientationLandscapeLeft UIInterfaceOrientationLandscapeRight";
				INFOPLIST_KEY_UISupportedInterfaceOrientations_iPhone = "UIInterfaceOrientationPortrait UIInterfaceOrientationLandscapeLeft UIInterfaceOrientationLandscapeRight";
				LD_RUNPATH_SEARCH_PATHS = (
					"$(inherited)",
					"@executable_path/Frameworks",
				);
				MARKETING_VERSION = 1.0;
				PRODUCT_BUNDLE_IDENTIFIER = com.apple.AutiCare;
				PRODUCT_NAME = "$(TARGET_NAME)";
				SWIFT_EMIT_LOC_STRINGS = YES;
				SWIFT_VERSION = 5.0;
				TARGETED_DEVICE_FAMILY = "1,2";
			};
			name = Debug;
		};
		05262E972BF7112D00C2774C /* Release */ = {
			isa = XCBuildConfiguration;
			buildSettings = {
				ASSETCATALOG_COMPILER_APPICON_NAME = AppIcon;
				ASSETCATALOG_COMPILER_GLOBAL_ACCENT_COLOR_NAME = AccentColor;
				CODE_SIGN_STYLE = Automatic;
				CURRENT_PROJECT_VERSION = 1;
				DEVELOPMENT_TEAM = "";
				GENERATE_INFOPLIST_FILE = YES;
				INFOPLIST_FILE = AutiCare/Info.plist;
				INFOPLIST_KEY_UIApplicationSupportsIndirectInputEvents = YES;
				INFOPLIST_KEY_UILaunchStoryboardName = LaunchScreen;
				INFOPLIST_KEY_UIMainStoryboardFile = Main;
				INFOPLIST_KEY_UISupportedInterfaceOrientations_iPad = "UIInterfaceOrientationPortrait UIInterfaceOrientationPortraitUpsideDown UIInterfaceOrientationLandscapeLeft UIInterfaceOrientationLandscapeRight";
				INFOPLIST_KEY_UISupportedInterfaceOrientations_iPhone = "UIInterfaceOrientationPortrait UIInterfaceOrientationLandscapeLeft UIInterfaceOrientationLandscapeRight";
				LD_RUNPATH_SEARCH_PATHS = (
					"$(inherited)",
					"@executable_path/Frameworks",
				);
				MARKETING_VERSION = 1.0;
				PRODUCT_BUNDLE_IDENTIFIER = com.apple.AutiCare;
				PRODUCT_NAME = "$(TARGET_NAME)";
				SWIFT_EMIT_LOC_STRINGS = YES;
				SWIFT_VERSION = 5.0;
				TARGETED_DEVICE_FAMILY = "1,2";
			};
			name = Release;
		};
/* End XCBuildConfiguration section */

/* Begin XCConfigurationList section */
		05262E7C2BF7112C00C2774C /* Build configuration list for PBXProject "AutiCare" */ = {
			isa = XCConfigurationList;
			buildConfigurations = (
				05262E932BF7112D00C2774C /* Debug */,
				05262E942BF7112D00C2774C /* Release */,
			);
			defaultConfigurationIsVisible = 0;
			defaultConfigurationName = Release;
		};
		05262E952BF7112D00C2774C /* Build configuration list for PBXNativeTarget "AutiCare" */ = {
			isa = XCConfigurationList;
			buildConfigurations = (
				05262E962BF7112D00C2774C /* Debug */,
				05262E972BF7112D00C2774C /* Release */,
			);
			defaultConfigurationIsVisible = 0;
			defaultConfigurationName = Release;
		};
/* End XCConfigurationList section */
	};
	rootObject = 05262E792BF7112C00C2774C /* Project object */;
}
