// !$*UTF8*$!
{
	archiveVersion = 1;
	classes = {
	};
	objectVersion = 56;
	objects = {

/* Begin PBXBuildFile section */
		0506D9A82C09E7EE00844EF1 /* AddNewPostViewController.swift in Sources */ = {isa = PBXBuildFile; fileRef = 0506D9A72C09E7EE00844EF1 /* AddNewPostViewController.swift */; };
		05162E202BFDA55D00DC5951 /* CommunityPageViewController.swift in Sources */ = {isa = PBXBuildFile; fileRef = 05162E1F2BFDA55D00DC5951 /* CommunityPageViewController.swift */; };
		05262E852BF7112C00C2774C /* AppDelegate.swift in Sources */ = {isa = PBXBuildFile; fileRef = 05262E842BF7112C00C2774C /* AppDelegate.swift */; };
		05262E872BF7112C00C2774C /* SceneDelegate.swift in Sources */ = {isa = PBXBuildFile; fileRef = 05262E862BF7112C00C2774C /* SceneDelegate.swift */; };
		05262E8C2BF7112C00C2774C /* Base in Resources */ = {isa = PBXBuildFile; fileRef = 05262E8B2BF7112C00C2774C /* Base */; };
		05262E8E2BF7112D00C2774C /* Assets.xcassets in Resources */ = {isa = PBXBuildFile; fileRef = 05262E8D2BF7112D00C2774C /* Assets.xcassets */; };
		05262E912BF7112D00C2774C /* Base in Resources */ = {isa = PBXBuildFile; fileRef = 05262E902BF7112D00C2774C /* Base */; };
		05262EA12BF7129800C2774C /* Progress.storyboard in Resources */ = {isa = PBXBuildFile; fileRef = 05262EA02BF7129800C2774C /* Progress.storyboard */; };
		05262EA42BF712BE00C2774C /* ProgressPageViewController.swift in Sources */ = {isa = PBXBuildFile; fileRef = 05262EA32BF712BE00C2774C /* ProgressPageViewController.swift */; };
		05262EA62BF712CD00C2774C /* Profile.storyboard in Resources */ = {isa = PBXBuildFile; fileRef = 05262EA52BF712CD00C2774C /* Profile.storyboard */; };
		05262EAB2BF7136A00C2774C /* ExploreDataModel.swift in Sources */ = {isa = PBXBuildFile; fileRef = 05262EAA2BF7136A00C2774C /* ExploreDataModel.swift */; };
		05262EAD2BF7137C00C2774C /* AssessmentDataModel.swift in Sources */ = {isa = PBXBuildFile; fileRef = 05262EAC2BF7137C00C2774C /* AssessmentDataModel.swift */; };
		05262EAF2BF713AE00C2774C /* ProfileDataModel.swift in Sources */ = {isa = PBXBuildFile; fileRef = 05262EAE2BF713AE00C2774C /* ProfileDataModel.swift */; };
		05262EB12BF713C200C2774C /* LearningDataModel.swift in Sources */ = {isa = PBXBuildFile; fileRef = 05262EB02BF713C200C2774C /* LearningDataModel.swift */; };
		0585EDA12C05CD2D002B9386 /* ResultPageViewController.swift in Sources */ = {isa = PBXBuildFile; fileRef = 0585EDA02C05CD2D002B9386 /* ResultPageViewController.swift */; };
		05936BBE2C0AE04000516BF9 /* ProfilePageViewController.swift in Sources */ = {isa = PBXBuildFile; fileRef = 05936BBD2C0AE04000516BF9 /* ProfilePageViewController.swift */; };
		05936BC02C0AE22C00516BF9 /* EditProfileTableViewController.swift in Sources */ = {isa = PBXBuildFile; fileRef = 05936BBF2C0AE22C00516BF9 /* EditProfileTableViewController.swift */; };
		05936BC42C0AF9C500516BF9 /* FriendsTableViewCell.xib in Resources */ = {isa = PBXBuildFile; fileRef = 05936BC32C0AF9C500516BF9 /* FriendsTableViewCell.xib */; };
		05936BC62C0AFA9F00516BF9 /* FriendsTableViewCell.swift in Sources */ = {isa = PBXBuildFile; fileRef = 05936BC52C0AFA9F00516BF9 /* FriendsTableViewCell.swift */; };
		05A87AF32C0D6D0200B6C13C /* ResultPageChart.swift in Sources */ = {isa = PBXBuildFile; fileRef = 05A87AF22C0D6D0200B6C13C /* ResultPageChart.swift */; };
		05A87AF62C0D6F8600B6C13C /* SwiftPieChart in Frameworks */ = {isa = PBXBuildFile; productRef = 05A87AF52C0D6F8600B6C13C /* SwiftPieChart */; };
		05DA58972C0C78B0001E9A50 /* GroupCollectionViewCell.xib in Resources */ = {isa = PBXBuildFile; fileRef = 05DA58962C0C78B0001E9A50 /* GroupCollectionViewCell.xib */; };
		05DA58992C0C78ED001E9A50 /* ExploreCollectionViewCell.xib in Resources */ = {isa = PBXBuildFile; fileRef = 05DA58982C0C78ED001E9A50 /* ExploreCollectionViewCell.xib */; };
		05E49F722C0494AB00699D09 /* MemoryCardViewController.swift in Sources */ = {isa = PBXBuildFile; fileRef = 05E49F712C0494AB00699D09 /* MemoryCardViewController.swift */; };
		05E49F752C04954300699D09 /* CardCollectionViewCell.swift in Sources */ = {isa = PBXBuildFile; fileRef = 05E49F742C04954300699D09 /* CardCollectionViewCell.swift */; };
		258805CA2C0DB7410009C19A /* ViewController.swift in Sources */ = {isa = PBXBuildFile; fileRef = 258805C82C0DB7410009C19A /* ViewController.swift */; };
		258805CB2C0DB7410009C19A /* CreateAccountTableViewController.swift in Sources */ = {isa = PBXBuildFile; fileRef = 258805C92C0DB7410009C19A /* CreateAccountTableViewController.swift */; };
		258805CD2C0DB7AE0009C19A /* GoogleService-Info.plist in Resources */ = {isa = PBXBuildFile; fileRef = 258805CC2C0DB7AE0009C19A /* GoogleService-Info.plist */; };
		258805D02C0DB7E20009C19A /* FirebaseAuth in Frameworks */ = {isa = PBXBuildFile; productRef = 258805CF2C0DB7E20009C19A /* FirebaseAuth */; };
		258805D22C0DB7E20009C19A /* FirebaseDatabase in Frameworks */ = {isa = PBXBuildFile; productRef = 258805D12C0DB7E20009C19A /* FirebaseDatabase */; };
		258805D42C0DB7E20009C19A /* FirebaseDatabaseSwift in Frameworks */ = {isa = PBXBuildFile; productRef = 258805D32C0DB7E20009C19A /* FirebaseDatabaseSwift */; };
		258805D62C0DBA620009C19A /* auth.storyboard in Resources */ = {isa = PBXBuildFile; fileRef = 258805D52C0DBA620009C19A /* auth.storyboard */; };
		440CA9CE2BFB09AE00FDFA89 /* PostsTableViewCell.swift in Sources */ = {isa = PBXBuildFile; fileRef = 440CA9CC2BFB09AE00FDFA89 /* PostsTableViewCell.swift */; };
		440CA9CF2BFB09AE00FDFA89 /* PostsTableViewCell.xib in Resources */ = {isa = PBXBuildFile; fileRef = 440CA9CD2BFB09AE00FDFA89 /* PostsTableViewCell.xib */; };
		A968113B2C0C54C10091F87B /* PictureRepresentingActionViewController.swift in Sources */ = {isa = PBXBuildFile; fileRef = A968113A2C0C54C10091F87B /* PictureRepresentingActionViewController.swift */; };
		C43C95B42C09CB5400663096 /* CommunityDataController.swift in Sources */ = {isa = PBXBuildFile; fileRef = C43C95B32C09CB5400663096 /* CommunityDataController.swift */; };
		C45DB4962C042E5600CD37F8 /* LearningPageViewController.swift in Sources */ = {isa = PBXBuildFile; fileRef = C45DB4952C042E5600CD37F8 /* LearningPageViewController.swift */; };
		C45DB4982C042ED800CD37F8 /* Games.xib in Resources */ = {isa = PBXBuildFile; fileRef = C45DB4972C042ED800CD37F8 /* Games.xib */; };
		C45DB49A2C042EE700CD37F8 /* Sessions.xib in Resources */ = {isa = PBXBuildFile; fileRef = C45DB4992C042EE700CD37F8 /* Sessions.xib */; };
		C45DB49C2C04302500CD37F8 /* Worksheets.xib in Resources */ = {isa = PBXBuildFile; fileRef = C45DB49B2C04302500CD37F8 /* Worksheets.xib */; };
		C45DB49E2C0431FA00CD37F8 /* GamesCollectionViewCell.swift in Sources */ = {isa = PBXBuildFile; fileRef = C45DB49D2C0431FA00CD37F8 /* GamesCollectionViewCell.swift */; };
		C45DB4A02C0432BB00CD37F8 /* SessionsCollectionViewCell.swift in Sources */ = {isa = PBXBuildFile; fileRef = C45DB49F2C0432BB00CD37F8 /* SessionsCollectionViewCell.swift */; };
		C45DB4A22C04336500CD37F8 /* WorksheetsCollectionViewCell.swift in Sources */ = {isa = PBXBuildFile; fileRef = C45DB4A12C04336500CD37F8 /* WorksheetsCollectionViewCell.swift */; };
		C45DB4A62C0446F900CD37F8 /* HeaderCollectionReusableView.swift in Sources */ = {isa = PBXBuildFile; fileRef = C45DB4A52C0446F900CD37F8 /* HeaderCollectionReusableView.swift */; };
		C45DB4AA2C0451C400CD37F8 /* Learning.storyboard in Resources */ = {isa = PBXBuildFile; fileRef = C45DB4A92C0451C400CD37F8 /* Learning.storyboard */; };
		C45DB4AC2C04527E00CD37F8 /* SectionViewController.swift in Sources */ = {isa = PBXBuildFile; fileRef = C45DB4AB2C04527E00CD37F8 /* SectionViewController.swift */; };
		C4AE96592BF71EDC00BEE963 /* QuestionTableViewCell.swift in Sources */ = {isa = PBXBuildFile; fileRef = C4AE96582BF71EDC00BEE963 /* QuestionTableViewCell.swift */; };
		C4AE965B2BF722B900BEE963 /* QuestionsTableViewController.swift in Sources */ = {isa = PBXBuildFile; fileRef = C4AE965A2BF722B900BEE963 /* QuestionsTableViewController.swift */; };
		C4AE965D2BF7270500BEE963 /* AssessmentTableViewController.swift in Sources */ = {isa = PBXBuildFile; fileRef = C4AE965C2BF7270500BEE963 /* AssessmentTableViewController.swift */; };
		EF6517A12C0CEE1F00CA7CCF /* SaveTheDotGameViewController.swift in Sources */ = {isa = PBXBuildFile; fileRef = EF6517A02C0CEE1F00CA7CCF /* SaveTheDotGameViewController.swift */; };
/* End PBXBuildFile section */

/* Begin PBXFileReference section */
		0506D9A72C09E7EE00844EF1 /* AddNewPostViewController.swift */ = {isa = PBXFileReference; lastKnownFileType = sourcecode.swift; path = AddNewPostViewController.swift; sourceTree = "<group>"; };
		05162E1F2BFDA55D00DC5951 /* CommunityPageViewController.swift */ = {isa = PBXFileReference; lastKnownFileType = sourcecode.swift; path = CommunityPageViewController.swift; sourceTree = "<group>"; };
		05262E812BF7112C00C2774C /* AutiCare.app */ = {isa = PBXFileReference; explicitFileType = wrapper.application; includeInIndex = 0; path = AutiCare.app; sourceTree = BUILT_PRODUCTS_DIR; };
		05262E842BF7112C00C2774C /* AppDelegate.swift */ = {isa = PBXFileReference; lastKnownFileType = sourcecode.swift; path = AppDelegate.swift; sourceTree = "<group>"; };
		05262E862BF7112C00C2774C /* SceneDelegate.swift */ = {isa = PBXFileReference; lastKnownFileType = sourcecode.swift; path = SceneDelegate.swift; sourceTree = "<group>"; };
		05262E8B2BF7112C00C2774C /* Base */ = {isa = PBXFileReference; lastKnownFileType = file.storyboard; name = Base; path = Base.lproj/Main.storyboard; sourceTree = "<group>"; };
		05262E8D2BF7112D00C2774C /* Assets.xcassets */ = {isa = PBXFileReference; lastKnownFileType = folder.assetcatalog; path = Assets.xcassets; sourceTree = "<group>"; };
		05262E902BF7112D00C2774C /* Base */ = {isa = PBXFileReference; lastKnownFileType = file.storyboard; name = Base; path = Base.lproj/LaunchScreen.storyboard; sourceTree = "<group>"; };
		05262E922BF7112D00C2774C /* Info.plist */ = {isa = PBXFileReference; lastKnownFileType = text.plist.xml; path = Info.plist; sourceTree = "<group>"; };
		05262EA02BF7129800C2774C /* Progress.storyboard */ = {isa = PBXFileReference; lastKnownFileType = file.storyboard; path = Progress.storyboard; sourceTree = "<group>"; };
		05262EA32BF712BE00C2774C /* ProgressPageViewController.swift */ = {isa = PBXFileReference; lastKnownFileType = sourcecode.swift; path = ProgressPageViewController.swift; sourceTree = "<group>"; };
		05262EA52BF712CD00C2774C /* Profile.storyboard */ = {isa = PBXFileReference; lastKnownFileType = file.storyboard; path = Profile.storyboard; sourceTree = "<group>"; };
		05262EAA2BF7136A00C2774C /* ExploreDataModel.swift */ = {isa = PBXFileReference; lastKnownFileType = sourcecode.swift; path = ExploreDataModel.swift; sourceTree = "<group>"; };
		05262EAC2BF7137C00C2774C /* AssessmentDataModel.swift */ = {isa = PBXFileReference; lastKnownFileType = sourcecode.swift; path = AssessmentDataModel.swift; sourceTree = "<group>"; };
		05262EAE2BF713AE00C2774C /* ProfileDataModel.swift */ = {isa = PBXFileReference; lastKnownFileType = sourcecode.swift; path = ProfileDataModel.swift; sourceTree = "<group>"; };
		05262EB02BF713C200C2774C /* LearningDataModel.swift */ = {isa = PBXFileReference; lastKnownFileType = sourcecode.swift; path = LearningDataModel.swift; sourceTree = "<group>"; };
		0585EDA02C05CD2D002B9386 /* ResultPageViewController.swift */ = {isa = PBXFileReference; lastKnownFileType = sourcecode.swift; path = ResultPageViewController.swift; sourceTree = "<group>"; };
		05936BBD2C0AE04000516BF9 /* ProfilePageViewController.swift */ = {isa = PBXFileReference; lastKnownFileType = sourcecode.swift; path = ProfilePageViewController.swift; sourceTree = "<group>"; };
		05936BBF2C0AE22C00516BF9 /* EditProfileTableViewController.swift */ = {isa = PBXFileReference; lastKnownFileType = sourcecode.swift; path = EditProfileTableViewController.swift; sourceTree = "<group>"; };
		05936BC32C0AF9C500516BF9 /* FriendsTableViewCell.xib */ = {isa = PBXFileReference; lastKnownFileType = file.xib; path = FriendsTableViewCell.xib; sourceTree = "<group>"; };
		05936BC52C0AFA9F00516BF9 /* FriendsTableViewCell.swift */ = {isa = PBXFileReference; lastKnownFileType = sourcecode.swift; path = FriendsTableViewCell.swift; sourceTree = "<group>"; };
		05A87AF22C0D6D0200B6C13C /* ResultPageChart.swift */ = {isa = PBXFileReference; lastKnownFileType = sourcecode.swift; path = ResultPageChart.swift; sourceTree = "<group>"; };
		05DA58962C0C78B0001E9A50 /* GroupCollectionViewCell.xib */ = {isa = PBXFileReference; lastKnownFileType = file.xib; path = GroupCollectionViewCell.xib; sourceTree = "<group>"; };
		05DA58982C0C78ED001E9A50 /* ExploreCollectionViewCell.xib */ = {isa = PBXFileReference; lastKnownFileType = file.xib; path = ExploreCollectionViewCell.xib; sourceTree = "<group>"; };
		05E49F712C0494AB00699D09 /* MemoryCardViewController.swift */ = {isa = PBXFileReference; lastKnownFileType = sourcecode.swift; path = MemoryCardViewController.swift; sourceTree = "<group>"; };
		05E49F742C04954300699D09 /* CardCollectionViewCell.swift */ = {isa = PBXFileReference; lastKnownFileType = sourcecode.swift; path = CardCollectionViewCell.swift; sourceTree = "<group>"; };
		258805C82C0DB7410009C19A /* ViewController.swift */ = {isa = PBXFileReference; fileEncoding = 4; lastKnownFileType = sourcecode.swift; name = ViewController.swift; path = ../../../../Downloads/CreateAccountOrLogin/CreateAccountOrLogin/ViewController.swift; sourceTree = "<group>"; };
		258805C92C0DB7410009C19A /* CreateAccountTableViewController.swift */ = {isa = PBXFileReference; fileEncoding = 4; lastKnownFileType = sourcecode.swift; name = CreateAccountTableViewController.swift; path = ../../../../Downloads/CreateAccountOrLogin/CreateAccountOrLogin/CreateAccountTableViewController.swift; sourceTree = "<group>"; };
		258805CC2C0DB7AE0009C19A /* GoogleService-Info.plist */ = {isa = PBXFileReference; fileEncoding = 4; lastKnownFileType = text.plist.xml; path = "GoogleService-Info.plist"; sourceTree = "<group>"; };
		258805D52C0DBA620009C19A /* auth.storyboard */ = {isa = PBXFileReference; lastKnownFileType = file.storyboard; path = auth.storyboard; sourceTree = "<group>"; };
		440CA9CC2BFB09AE00FDFA89 /* PostsTableViewCell.swift */ = {isa = PBXFileReference; lastKnownFileType = sourcecode.swift; path = PostsTableViewCell.swift; sourceTree = "<group>"; };
		440CA9CD2BFB09AE00FDFA89 /* PostsTableViewCell.xib */ = {isa = PBXFileReference; lastKnownFileType = file.xib; path = PostsTableViewCell.xib; sourceTree = "<group>"; };
		A968113A2C0C54C10091F87B /* PictureRepresentingActionViewController.swift */ = {isa = PBXFileReference; lastKnownFileType = sourcecode.swift; path = PictureRepresentingActionViewController.swift; sourceTree = "<group>"; };
		C43C95B32C09CB5400663096 /* CommunityDataController.swift */ = {isa = PBXFileReference; lastKnownFileType = sourcecode.swift; path = CommunityDataController.swift; sourceTree = "<group>"; };
		C45DB4952C042E5600CD37F8 /* LearningPageViewController.swift */ = {isa = PBXFileReference; lastKnownFileType = sourcecode.swift; path = LearningPageViewController.swift; sourceTree = "<group>"; };
		C45DB4972C042ED800CD37F8 /* Games.xib */ = {isa = PBXFileReference; lastKnownFileType = file.xib; path = Games.xib; sourceTree = "<group>"; };
		C45DB4992C042EE700CD37F8 /* Sessions.xib */ = {isa = PBXFileReference; lastKnownFileType = file.xib; path = Sessions.xib; sourceTree = "<group>"; };
		C45DB49B2C04302500CD37F8 /* Worksheets.xib */ = {isa = PBXFileReference; lastKnownFileType = file.xib; path = Worksheets.xib; sourceTree = "<group>"; };
		C45DB49D2C0431FA00CD37F8 /* GamesCollectionViewCell.swift */ = {isa = PBXFileReference; lastKnownFileType = sourcecode.swift; path = GamesCollectionViewCell.swift; sourceTree = "<group>"; };
		C45DB49F2C0432BB00CD37F8 /* SessionsCollectionViewCell.swift */ = {isa = PBXFileReference; lastKnownFileType = sourcecode.swift; path = SessionsCollectionViewCell.swift; sourceTree = "<group>"; };
		C45DB4A12C04336500CD37F8 /* WorksheetsCollectionViewCell.swift */ = {isa = PBXFileReference; lastKnownFileType = sourcecode.swift; path = WorksheetsCollectionViewCell.swift; sourceTree = "<group>"; };
		C45DB4A52C0446F900CD37F8 /* HeaderCollectionReusableView.swift */ = {isa = PBXFileReference; lastKnownFileType = sourcecode.swift; path = HeaderCollectionReusableView.swift; sourceTree = "<group>"; };
		C45DB4A92C0451C400CD37F8 /* Learning.storyboard */ = {isa = PBXFileReference; lastKnownFileType = file.storyboard; path = Learning.storyboard; sourceTree = "<group>"; };
		C45DB4AB2C04527E00CD37F8 /* SectionViewController.swift */ = {isa = PBXFileReference; lastKnownFileType = sourcecode.swift; path = SectionViewController.swift; sourceTree = "<group>"; };
		C4AE96582BF71EDC00BEE963 /* QuestionTableViewCell.swift */ = {isa = PBXFileReference; lastKnownFileType = sourcecode.swift; path = QuestionTableViewCell.swift; sourceTree = "<group>"; };
		C4AE965A2BF722B900BEE963 /* QuestionsTableViewController.swift */ = {isa = PBXFileReference; lastKnownFileType = sourcecode.swift; path = QuestionsTableViewController.swift; sourceTree = "<group>"; };
		C4AE965C2BF7270500BEE963 /* AssessmentTableViewController.swift */ = {isa = PBXFileReference; lastKnownFileType = sourcecode.swift; path = AssessmentTableViewController.swift; sourceTree = "<group>"; };
		EF6517A02C0CEE1F00CA7CCF /* SaveTheDotGameViewController.swift */ = {isa = PBXFileReference; lastKnownFileType = sourcecode.swift; path = SaveTheDotGameViewController.swift; sourceTree = "<group>"; };
/* End PBXFileReference section */

/* Begin PBXFrameworksBuildPhase section */
		05262E7E2BF7112C00C2774C /* Frameworks */ = {
			isa = PBXFrameworksBuildPhase;
			buildActionMask = 2147483647;
			files = (
				444E30942C0B195D002D647C /* FirebaseDatabaseSwift in Frameworks */,
				444E30922C0B195D002D647C /* FirebaseDatabase in Frameworks */,
				05A87AF62C0D6F8600B6C13C /* SwiftPieChart in Frameworks */,
				444E30902C0B195D002D647C /* FirebaseAuth in Frameworks */,
			);
			runOnlyForDeploymentPostprocessing = 0;
		};
/* End PBXFrameworksBuildPhase section */

/* Begin PBXGroup section */
		05262E782BF7112C00C2774C = {
			isa = PBXGroup;
			children = (
				05262E832BF7112C00C2774C /* AutiCare */,
				05262E822BF7112C00C2774C /* Products */,
			);
			sourceTree = "<group>";
		};
		05262E822BF7112C00C2774C /* Products */ = {
			isa = PBXGroup;
			children = (
				05262E812BF7112C00C2774C /* AutiCare.app */,
			);
			name = Products;
			sourceTree = "<group>";
		};
		05262E832BF7112C00C2774C /* AutiCare */ = {
			isa = PBXGroup;
			children = (
				258805CC2C0DB7AE0009C19A /* GoogleService-Info.plist */,
				05262E842BF7112C00C2774C /* AppDelegate.swift */,
				05262E862BF7112C00C2774C /* SceneDelegate.swift */,
				05262E9C2BF7124B00C2774C /* Community */,
				05262E9D2BF7125E00C2774C /* Learning */,
				05262EA22BF7129F00C2774C /* Progress */,
				05262EA72BF712E000C2774C /* Profile */,
				05262E922BF7112D00C2774C /* Info.plist */,
				05262E8D2BF7112D00C2774C /* Assets.xcassets */,
				05262E8F2BF7112D00C2774C /* LaunchScreen.storyboard */,
			);
			path = AutiCare;
			sourceTree = "<group>";
		};
		05262E9C2BF7124B00C2774C /* Community */ = {
			isa = PBXGroup;
			children = (
				05262E8A2BF7112C00C2774C /* Main.storyboard */,
				258805D52C0DBA620009C19A /* auth.storyboard */,
				0506D9A72C09E7EE00844EF1 /* AddNewPostViewController.swift */,
				05162E1F2BFDA55D00DC5951 /* CommunityPageViewController.swift */,
				05DA58962C0C78B0001E9A50 /* GroupCollectionViewCell.xib */,
				05DA58982C0C78ED001E9A50 /* ExploreCollectionViewCell.xib */,
				258805C92C0DB7410009C19A /* CreateAccountTableViewController.swift */,
				258805C82C0DB7410009C19A /* ViewController.swift */,
				440CA9CC2BFB09AE00FDFA89 /* PostsTableViewCell.swift */,
				440CA9CD2BFB09AE00FDFA89 /* PostsTableViewCell.xib */,
				05262EAA2BF7136A00C2774C /* ExploreDataModel.swift */,
				C43C95B32C09CB5400663096 /* CommunityDataController.swift */,
			);
			path = Community;
			sourceTree = "<group>";
		};
		05262E9D2BF7125E00C2774C /* Learning */ = {
			isa = PBXGroup;
			children = (
				C45DB4A92C0451C400CD37F8 /* Learning.storyboard */,
				C45DB4952C042E5600CD37F8 /* LearningPageViewController.swift */,
				C45DB4AB2C04527E00CD37F8 /* SectionViewController.swift */,
				C45DB4972C042ED800CD37F8 /* Games.xib */,
				C45DB49D2C0431FA00CD37F8 /* GamesCollectionViewCell.swift */,
				C45DB4992C042EE700CD37F8 /* Sessions.xib */,
				C45DB49F2C0432BB00CD37F8 /* SessionsCollectionViewCell.swift */,
				C45DB49B2C04302500CD37F8 /* Worksheets.xib */,
				C45DB4A12C04336500CD37F8 /* WorksheetsCollectionViewCell.swift */,
				C45DB4A52C0446F900CD37F8 /* HeaderCollectionReusableView.swift */,
				05262EB02BF713C200C2774C /* LearningDataModel.swift */,
				05E49F732C0494B500699D09 /* Games */,
			);
			path = Learning;
			sourceTree = "<group>";
		};
		05262EA22BF7129F00C2774C /* Progress */ = {
			isa = PBXGroup;
			children = (
				05262EA02BF7129800C2774C /* Progress.storyboard */,
				05A87AF22C0D6D0200B6C13C /* ResultPageChart.swift */,
				0585EDA02C05CD2D002B9386 /* ResultPageViewController.swift */,
				05262EA32BF712BE00C2774C /* ProgressPageViewController.swift */,
				C4AE965A2BF722B900BEE963 /* QuestionsTableViewController.swift */,
				C4AE965C2BF7270500BEE963 /* AssessmentTableViewController.swift */,
				C4AE96582BF71EDC00BEE963 /* QuestionTableViewCell.swift */,
				05262EAC2BF7137C00C2774C /* AssessmentDataModel.swift */,
			);
			path = Progress;
			sourceTree = "<group>";
		};
		05262EA72BF712E000C2774C /* Profile */ = {
			isa = PBXGroup;
			children = (
				05262EA52BF712CD00C2774C /* Profile.storyboard */,
				05936BBD2C0AE04000516BF9 /* ProfilePageViewController.swift */,
				05936BC32C0AF9C500516BF9 /* FriendsTableViewCell.xib */,
				05936BC52C0AFA9F00516BF9 /* FriendsTableViewCell.swift */,
				05936BBF2C0AE22C00516BF9 /* EditProfileTableViewController.swift */,
				05262EAE2BF713AE00C2774C /* ProfileDataModel.swift */,
			);
			path = Profile;
			sourceTree = "<group>";
		};
		05E49F732C0494B500699D09 /* Games */ = {
			isa = PBXGroup;
			children = (
				A968113A2C0C54C10091F87B /* PictureRepresentingActionViewController.swift */,
				EF6517A02C0CEE1F00CA7CCF /* SaveTheDotGameViewController.swift */,
				05E49F712C0494AB00699D09 /* MemoryCardViewController.swift */,
				05E49F742C04954300699D09 /* CardCollectionViewCell.swift */,
			);
			path = Games;
			sourceTree = "<group>";
		};
/* End PBXGroup section */

/* Begin PBXNativeTarget section */
		05262E802BF7112C00C2774C /* AutiCare */ = {
			isa = PBXNativeTarget;
			buildConfigurationList = 05262E952BF7112D00C2774C /* Build configuration list for PBXNativeTarget "AutiCare" */;
			buildPhases = (
				05262E7D2BF7112C00C2774C /* Sources */,
				05262E7E2BF7112C00C2774C /* Frameworks */,
				05262E7F2BF7112C00C2774C /* Resources */,
			);
			buildRules = (
			);
			dependencies = (
			);
			name = AutiCare;
			packageProductDependencies = (
				444E308F2C0B195D002D647C /* FirebaseAuth */,
				444E30912C0B195D002D647C /* FirebaseDatabase */,
				444E30932C0B195D002D647C /* FirebaseDatabaseSwift */,
				05A87AF52C0D6F8600B6C13C /* SwiftPieChart */,
			);
			productName = AutiCare;
			productReference = 05262E812BF7112C00C2774C /* AutiCare.app */;
			productType = "com.apple.product-type.application";
		};
/* End PBXNativeTarget section */

/* Begin PBXProject section */
		05262E792BF7112C00C2774C /* Project object */ = {
			isa = PBXProject;
			attributes = {
				BuildIndependentTargetsInParallel = 1;
				LastSwiftUpdateCheck = 1540;
				LastUpgradeCheck = 1540;
				TargetAttributes = {
					05262E802BF7112C00C2774C = {
						CreatedOnToolsVersion = 15.4;
					};
				};
			};
			buildConfigurationList = 05262E7C2BF7112C00C2774C /* Build configuration list for PBXProject "AutiCare" */;
			compatibilityVersion = "Xcode 14.0";
			developmentRegion = en;
			hasScannedForEncodings = 0;
			knownRegions = (
				en,
				Base,
			);
			mainGroup = 05262E782BF7112C00C2774C;
			packageReferences = (
				444E308E2C0B195C002D647C /* XCRemoteSwiftPackageReference "firebase-ios-sdk" */,
				05A87AF42C0D6F8600B6C13C /* XCRemoteSwiftPackageReference "SwiftPieChart" */,
			);
			productRefGroup = 05262E822BF7112C00C2774C /* Products */;
			projectDirPath = "";
			projectRoot = "";
			targets = (
				05262E802BF7112C00C2774C /* AutiCare */,
			);
		};
/* End PBXProject section */

/* Begin PBXResourcesBuildPhase section */
		05262E7F2BF7112C00C2774C /* Resources */ = {
			isa = PBXResourcesBuildPhase;
			buildActionMask = 2147483647;
			files = (
				C45DB4AA2C0451C400CD37F8 /* Learning.storyboard in Resources */,
				258805D62C0DBA620009C19A /* auth.storyboard in Resources */,
				C45DB49C2C04302500CD37F8 /* Worksheets.xib in Resources */,
				C45DB49A2C042EE700CD37F8 /* Sessions.xib in Resources */,
				05262EA62BF712CD00C2774C /* Profile.storyboard in Resources */,
				05936BC42C0AF9C500516BF9 /* FriendsTableViewCell.xib in Resources */,
				05DA58992C0C78ED001E9A50 /* ExploreCollectionViewCell.xib in Resources */,
				05262E8E2BF7112D00C2774C /* Assets.xcassets in Resources */,
				05262E912BF7112D00C2774C /* Base in Resources */,
				05262EA12BF7129800C2774C /* Progress.storyboard in Resources */,
				05262E8C2BF7112C00C2774C /* Base in Resources */,
				440CA9CF2BFB09AE00FDFA89 /* PostsTableViewCell.xib in Resources */,
				05DA58972C0C78B0001E9A50 /* GroupCollectionViewCell.xib in Resources */,
				C45DB4982C042ED800CD37F8 /* Games.xib in Resources */,
				258805CD2C0DB7AE0009C19A /* GoogleService-Info.plist in Resources */,
			);
			runOnlyForDeploymentPostprocessing = 0;
		};
/* End PBXResourcesBuildPhase section */

/* Begin PBXSourcesBuildPhase section */
		05262E7D2BF7112C00C2774C /* Sources */ = {
			isa = PBXSourcesBuildPhase;
			buildActionMask = 2147483647;
			files = (
				C4AE96592BF71EDC00BEE963 /* QuestionTableViewCell.swift in Sources */,
				05262EAF2BF713AE00C2774C /* ProfileDataModel.swift in Sources */,
				0506D9A82C09E7EE00844EF1 /* AddNewPostViewController.swift in Sources */,
				C45DB4962C042E5600CD37F8 /* LearningPageViewController.swift in Sources */,
				05936BBE2C0AE04000516BF9 /* ProfilePageViewController.swift in Sources */,
				C45DB4A02C0432BB00CD37F8 /* SessionsCollectionViewCell.swift in Sources */,
				05262E852BF7112C00C2774C /* AppDelegate.swift in Sources */,
				C45DB4A62C0446F900CD37F8 /* HeaderCollectionReusableView.swift in Sources */,
				05936BC02C0AE22C00516BF9 /* EditProfileTableViewController.swift in Sources */,
				440CA9CE2BFB09AE00FDFA89 /* PostsTableViewCell.swift in Sources */,
				C45DB4AC2C04527E00CD37F8 /* SectionViewController.swift in Sources */,
				05262E872BF7112C00C2774C /* SceneDelegate.swift in Sources */,
				C4AE965B2BF722B900BEE963 /* QuestionsTableViewController.swift in Sources */,
				C43C95B42C09CB5400663096 /* CommunityDataController.swift in Sources */,
				EF6517A12C0CEE1F00CA7CCF /* SaveTheDotGameViewController.swift in Sources */,
				258805CB2C0DB7410009C19A /* CreateAccountTableViewController.swift in Sources */,
				05262EAD2BF7137C00C2774C /* AssessmentDataModel.swift in Sources */,
				05E49F752C04954300699D09 /* CardCollectionViewCell.swift in Sources */,
				C4AE965D2BF7270500BEE963 /* AssessmentTableViewController.swift in Sources */,
				05936BC62C0AFA9F00516BF9 /* FriendsTableViewCell.swift in Sources */,
				05262EAB2BF7136A00C2774C /* ExploreDataModel.swift in Sources */,
				258805CA2C0DB7410009C19A /* ViewController.swift in Sources */,
				05162E202BFDA55D00DC5951 /* CommunityPageViewController.swift in Sources */,
				05262EA42BF712BE00C2774C /* ProgressPageViewController.swift in Sources */,
				A968113B2C0C54C10091F87B /* PictureRepresentingActionViewController.swift in Sources */,
				C45DB49E2C0431FA00CD37F8 /* GamesCollectionViewCell.swift in Sources */,
				0585EDA12C05CD2D002B9386 /* ResultPageViewController.swift in Sources */,
				05A87AF32C0D6D0200B6C13C /* ResultPageChart.swift in Sources */,
				05262EB12BF713C200C2774C /* LearningDataModel.swift in Sources */,
				C45DB4A22C04336500CD37F8 /* WorksheetsCollectionViewCell.swift in Sources */,
				05E49F722C0494AB00699D09 /* MemoryCardViewController.swift in Sources */,
			);
			runOnlyForDeploymentPostprocessing = 0;
		};
/* End PBXSourcesBuildPhase section */

/* Begin PBXVariantGroup section */
		05262E8A2BF7112C00C2774C /* Main.storyboard */ = {
			isa = PBXVariantGroup;
			children = (
				05262E8B2BF7112C00C2774C /* Base */,
			);
			name = Main.storyboard;
			sourceTree = "<group>";
		};
		05262E8F2BF7112D00C2774C /* LaunchScreen.storyboard */ = {
			isa = PBXVariantGroup;
			children = (
				05262E902BF7112D00C2774C /* Base */,
			);
			name = LaunchScreen.storyboard;
			sourceTree = "<group>";
		};
/* End PBXVariantGroup section */

/* Begin XCBuildConfiguration section */
		05262E932BF7112D00C2774C /* Debug */ = {
			isa = XCBuildConfiguration;
			buildSettings = {
				ALWAYS_SEARCH_USER_PATHS = NO;
				ASSETCATALOG_COMPILER_GENERATE_SWIFT_ASSET_SYMBOL_EXTENSIONS = YES;
				CLANG_ANALYZER_NONNULL = YES;
				CLANG_ANALYZER_NUMBER_OBJECT_CONVERSION = YES_AGGRESSIVE;
				CLANG_CXX_LANGUAGE_STANDARD = "gnu++20";
				CLANG_ENABLE_MODULES = YES;
				CLANG_ENABLE_OBJC_ARC = YES;
				CLANG_ENABLE_OBJC_WEAK = YES;
				CLANG_WARN_BLOCK_CAPTURE_AUTORELEASING = YES;
				CLANG_WARN_BOOL_CONVERSION = YES;
				CLANG_WARN_COMMA = YES;
				CLANG_WARN_CONSTANT_CONVERSION = YES;
				CLANG_WARN_DEPRECATED_OBJC_IMPLEMENTATIONS = YES;
				CLANG_WARN_DIRECT_OBJC_ISA_USAGE = YES_ERROR;
				CLANG_WARN_DOCUMENTATION_COMMENTS = YES;
				CLANG_WARN_EMPTY_BODY = YES;
				CLANG_WARN_ENUM_CONVERSION = YES;
				CLANG_WARN_INFINITE_RECURSION = YES;
				CLANG_WARN_INT_CONVERSION = YES;
				CLANG_WARN_NON_LITERAL_NULL_CONVERSION = YES;
				CLANG_WARN_OBJC_IMPLICIT_RETAIN_SELF = YES;
				CLANG_WARN_OBJC_LITERAL_CONVERSION = YES;
				CLANG_WARN_OBJC_ROOT_CLASS = YES_ERROR;
				CLANG_WARN_QUOTED_INCLUDE_IN_FRAMEWORK_HEADER = YES;
				CLANG_WARN_RANGE_LOOP_ANALYSIS = YES;
				CLANG_WARN_STRICT_PROTOTYPES = YES;
				CLANG_WARN_SUSPICIOUS_MOVE = YES;
				CLANG_WARN_UNGUARDED_AVAILABILITY = YES_AGGRESSIVE;
				CLANG_WARN_UNREACHABLE_CODE = YES;
				CLANG_WARN__DUPLICATE_METHOD_MATCH = YES;
				COPY_PHASE_STRIP = NO;
				DEBUG_INFORMATION_FORMAT = dwarf;
				ENABLE_STRICT_OBJC_MSGSEND = YES;
				ENABLE_TESTABILITY = YES;
				ENABLE_USER_SCRIPT_SANDBOXING = YES;
				GCC_C_LANGUAGE_STANDARD = gnu17;
				GCC_DYNAMIC_NO_PIC = NO;
				GCC_NO_COMMON_BLOCKS = YES;
				GCC_OPTIMIZATION_LEVEL = 0;
				GCC_PREPROCESSOR_DEFINITIONS = (
					"DEBUG=1",
					"$(inherited)",
				);
				GCC_WARN_64_TO_32_BIT_CONVERSION = YES;
				GCC_WARN_ABOUT_RETURN_TYPE = YES_ERROR;
				GCC_WARN_UNDECLARED_SELECTOR = YES;
				GCC_WARN_UNINITIALIZED_AUTOS = YES_AGGRESSIVE;
				GCC_WARN_UNUSED_FUNCTION = YES;
				GCC_WARN_UNUSED_VARIABLE = YES;
				IPHONEOS_DEPLOYMENT_TARGET = 17.5;
				LOCALIZATION_PREFERS_STRING_CATALOGS = YES;
				MTL_ENABLE_DEBUG_INFO = INCLUDE_SOURCE;
				MTL_FAST_MATH = YES;
				ONLY_ACTIVE_ARCH = YES;
				SDKROOT = iphoneos;
				SWIFT_ACTIVE_COMPILATION_CONDITIONS = "DEBUG $(inherited)";
				SWIFT_OPTIMIZATION_LEVEL = "-Onone";
			};
			name = Debug;
		};
		05262E942BF7112D00C2774C /* Release */ = {
			isa = XCBuildConfiguration;
			buildSettings = {
				ALWAYS_SEARCH_USER_PATHS = NO;
				ASSETCATALOG_COMPILER_GENERATE_SWIFT_ASSET_SYMBOL_EXTENSIONS = YES;
				CLANG_ANALYZER_NONNULL = YES;
				CLANG_ANALYZER_NUMBER_OBJECT_CONVERSION = YES_AGGRESSIVE;
				CLANG_CXX_LANGUAGE_STANDARD = "gnu++20";
				CLANG_ENABLE_MODULES = YES;
				CLANG_ENABLE_OBJC_ARC = YES;
				CLANG_ENABLE_OBJC_WEAK = YES;
				CLANG_WARN_BLOCK_CAPTURE_AUTORELEASING = YES;
				CLANG_WARN_BOOL_CONVERSION = YES;
				CLANG_WARN_COMMA = YES;
				CLANG_WARN_CONSTANT_CONVERSION = YES;
				CLANG_WARN_DEPRECATED_OBJC_IMPLEMENTATIONS = YES;
				CLANG_WARN_DIRECT_OBJC_ISA_USAGE = YES_ERROR;
				CLANG_WARN_DOCUMENTATION_COMMENTS = YES;
				CLANG_WARN_EMPTY_BODY = YES;
				CLANG_WARN_ENUM_CONVERSION = YES;
				CLANG_WARN_INFINITE_RECURSION = YES;
				CLANG_WARN_INT_CONVERSION = YES;
				CLANG_WARN_NON_LITERAL_NULL_CONVERSION = YES;
				CLANG_WARN_OBJC_IMPLICIT_RETAIN_SELF = YES;
				CLANG_WARN_OBJC_LITERAL_CONVERSION = YES;
				CLANG_WARN_OBJC_ROOT_CLASS = YES_ERROR;
				CLANG_WARN_QUOTED_INCLUDE_IN_FRAMEWORK_HEADER = YES;
				CLANG_WARN_RANGE_LOOP_ANALYSIS = YES;
				CLANG_WARN_STRICT_PROTOTYPES = YES;
				CLANG_WARN_SUSPICIOUS_MOVE = YES;
				CLANG_WARN_UNGUARDED_AVAILABILITY = YES_AGGRESSIVE;
				CLANG_WARN_UNREACHABLE_CODE = YES;
				CLANG_WARN__DUPLICATE_METHOD_MATCH = YES;
				COPY_PHASE_STRIP = NO;
				DEBUG_INFORMATION_FORMAT = "dwarf-with-dsym";
				ENABLE_NS_ASSERTIONS = NO;
				ENABLE_STRICT_OBJC_MSGSEND = YES;
				ENABLE_USER_SCRIPT_SANDBOXING = YES;
				GCC_C_LANGUAGE_STANDARD = gnu17;
				GCC_NO_COMMON_BLOCKS = YES;
				GCC_WARN_64_TO_32_BIT_CONVERSION = YES;
				GCC_WARN_ABOUT_RETURN_TYPE = YES_ERROR;
				GCC_WARN_UNDECLARED_SELECTOR = YES;
				GCC_WARN_UNINITIALIZED_AUTOS = YES_AGGRESSIVE;
				GCC_WARN_UNUSED_FUNCTION = YES;
				GCC_WARN_UNUSED_VARIABLE = YES;
				IPHONEOS_DEPLOYMENT_TARGET = 17.5;
				LOCALIZATION_PREFERS_STRING_CATALOGS = YES;
				MTL_ENABLE_DEBUG_INFO = NO;
				MTL_FAST_MATH = YES;
				SDKROOT = iphoneos;
				SWIFT_COMPILATION_MODE = wholemodule;
				VALIDATE_PRODUCT = YES;
			};
			name = Release;
		};
		05262E962BF7112D00C2774C /* Debug */ = {
			isa = XCBuildConfiguration;
			buildSettings = {
				ASSETCATALOG_COMPILER_APPICON_NAME = AppIcon;
				ASSETCATALOG_COMPILER_GLOBAL_ACCENT_COLOR_NAME = AccentColor;
				CODE_SIGN_STYLE = Automatic;
				CURRENT_PROJECT_VERSION = 1;
				DEVELOPMENT_TEAM = 7B924G2LP7;
				GENERATE_INFOPLIST_FILE = YES;
				INFOPLIST_FILE = AutiCare/Info.plist;
				INFOPLIST_KEY_UIApplicationSupportsIndirectInputEvents = YES;
				INFOPLIST_KEY_UILaunchStoryboardName = LaunchScreen;
				INFOPLIST_KEY_UIMainStoryboardFile = Main;
				INFOPLIST_KEY_UISupportedInterfaceOrientations_iPad = "UIInterfaceOrientationPortrait UIInterfaceOrientationPortraitUpsideDown UIInterfaceOrientationLandscapeLeft UIInterfaceOrientationLandscapeRight";
				INFOPLIST_KEY_UISupportedInterfaceOrientations_iPhone = "UIInterfaceOrientationPortrait UIInterfaceOrientationLandscapeLeft UIInterfaceOrientationLandscapeRight";
				IPHONEOS_DEPLOYMENT_TARGET = 17.0;
				LD_RUNPATH_SEARCH_PATHS = (
					"$(inherited)",
					"@executable_path/Frameworks",
				);
				MARKETING_VERSION = 1.0;
				PRODUCT_BUNDLE_IDENTIFIER = AutiCare;
				PRODUCT_NAME = "$(TARGET_NAME)";
				SWIFT_EMIT_LOC_STRINGS = YES;
				SWIFT_VERSION = 5.0;
				TARGETED_DEVICE_FAMILY = "1,2";
			};
			name = Debug;
		};
		05262E972BF7112D00C2774C /* Release */ = {
			isa = XCBuildConfiguration;
			buildSettings = {
				ASSETCATALOG_COMPILER_APPICON_NAME = AppIcon;
				ASSETCATALOG_COMPILER_GLOBAL_ACCENT_COLOR_NAME = AccentColor;
				CODE_SIGN_STYLE = Automatic;
				CURRENT_PROJECT_VERSION = 1;
				DEVELOPMENT_TEAM = 7B924G2LP7;
				GENERATE_INFOPLIST_FILE = YES;
				INFOPLIST_FILE = AutiCare/Info.plist;
				INFOPLIST_KEY_UIApplicationSupportsIndirectInputEvents = YES;
				INFOPLIST_KEY_UILaunchStoryboardName = LaunchScreen;
				INFOPLIST_KEY_UIMainStoryboardFile = Main;
				INFOPLIST_KEY_UISupportedInterfaceOrientations_iPad = "UIInterfaceOrientationPortrait UIInterfaceOrientationPortraitUpsideDown UIInterfaceOrientationLandscapeLeft UIInterfaceOrientationLandscapeRight";
				INFOPLIST_KEY_UISupportedInterfaceOrientations_iPhone = "UIInterfaceOrientationPortrait UIInterfaceOrientationLandscapeLeft UIInterfaceOrientationLandscapeRight";
				IPHONEOS_DEPLOYMENT_TARGET = 17.0;
				LD_RUNPATH_SEARCH_PATHS = (
					"$(inherited)",
					"@executable_path/Frameworks",
				);
				MARKETING_VERSION = 1.0;
				PRODUCT_BUNDLE_IDENTIFIER = AutiCare;
				PRODUCT_NAME = "$(TARGET_NAME)";
				SWIFT_EMIT_LOC_STRINGS = YES;
				SWIFT_VERSION = 5.0;
				TARGETED_DEVICE_FAMILY = "1,2";
			};
			name = Release;
		};
/* End XCBuildConfiguration section */

/* Begin XCConfigurationList section */
		05262E7C2BF7112C00C2774C /* Build configuration list for PBXProject "AutiCare" */ = {
			isa = XCConfigurationList;
			buildConfigurations = (
				05262E932BF7112D00C2774C /* Debug */,
				05262E942BF7112D00C2774C /* Release */,
			);
			defaultConfigurationIsVisible = 0;
			defaultConfigurationName = Release;
		};
		05262E952BF7112D00C2774C /* Build configuration list for PBXNativeTarget "AutiCare" */ = {
			isa = XCConfigurationList;
			buildConfigurations = (
				05262E962BF7112D00C2774C /* Debug */,
				05262E972BF7112D00C2774C /* Release */,
			);
			defaultConfigurationIsVisible = 0;
			defaultConfigurationName = Release;
		};
/* End XCConfigurationList section */

/* Begin XCRemoteSwiftPackageReference section */
		05A87AF42C0D6F8600B6C13C /* XCRemoteSwiftPackageReference "SwiftPieChart" */ = {
			isa = XCRemoteSwiftPackageReference;
			repositoryURL = "https://github.com/ilamanov/SwiftPieChart";
			requirement = {
				kind = upToNextMajorVersion;
				minimumVersion = 1.0.61;
			};
		};
		444E308E2C0B195C002D647C /* XCRemoteSwiftPackageReference "firebase-ios-sdk" */ = {
			isa = XCRemoteSwiftPackageReference;
			repositoryURL = "https://github.com/firebase/firebase-ios-sdk.git";
			requirement = {
				kind = upToNextMajorVersion;
				minimumVersion = 10.27.0;
			};
		};
/* End XCRemoteSwiftPackageReference section */

/* Begin XCSwiftPackageProductDependency section */
		05A87AF52C0D6F8600B6C13C /* SwiftPieChart */ = {
			isa = XCSwiftPackageProductDependency;
			package = 05A87AF42C0D6F8600B6C13C /* XCRemoteSwiftPackageReference "SwiftPieChart" */;
			productName = SwiftPieChart;
		};
		444E308F2C0B195D002D647C /* FirebaseAuth */ = {
			isa = XCSwiftPackageProductDependency;
			package = 258805CE2C0DB7E20009C19A /* XCRemoteSwiftPackageReference "firebase-ios-sdk" */;
			productName = FirebaseAuth;
		};
		258805D12C0DB7E20009C19A /* FirebaseDatabase */ = {
			isa = XCSwiftPackageProductDependency;
			package = 258805CE2C0DB7E20009C19A /* XCRemoteSwiftPackageReference "firebase-ios-sdk" */;
			productName = FirebaseDatabase;
		};
		258805D32C0DB7E20009C19A /* FirebaseDatabaseSwift */ = {
			isa = XCSwiftPackageProductDependency;
			package = 258805CE2C0DB7E20009C19A /* XCRemoteSwiftPackageReference "firebase-ios-sdk" */;
			productName = FirebaseDatabaseSwift;
		};
/* End XCSwiftPackageProductDependency section */
	};
	rootObject = 05262E792BF7112C00C2774C /* Project object */;
}
